// !$*UTF8*$!
{
	archiveVersion = 1;
	classes = {
	};
	objectVersion = 46;
	objects = {

/* Begin PBXBuildFile section */
		A2D7DCCFDFF388EEC50FD427 /* Pods_SpotyTest.framework in Frameworks */ = {isa = PBXBuildFile; fileRef = 308EBFFB2AB5098352A698A1 /* Pods_SpotyTest.framework */; };
		AF2F3AF41DDE38A000FD60D8 /* AppDelegate.swift in Sources */ = {isa = PBXBuildFile; fileRef = AF2F3AF31DDE38A000FD60D8 /* AppDelegate.swift */; };
		AF2F3AF61DDE38A000FD60D8 /* ViewController.swift in Sources */ = {isa = PBXBuildFile; fileRef = AF2F3AF51DDE38A000FD60D8 /* ViewController.swift */; };
		AF2F3AF91DDE38A000FD60D8 /* Main.storyboard in Resources */ = {isa = PBXBuildFile; fileRef = AF2F3AF71DDE38A000FD60D8 /* Main.storyboard */; };
		AF2F3AFB1DDE38A000FD60D8 /* Assets.xcassets in Resources */ = {isa = PBXBuildFile; fileRef = AF2F3AFA1DDE38A000FD60D8 /* Assets.xcassets */; };
		AF2F3AFE1DDE38A000FD60D8 /* LaunchScreen.storyboard in Resources */ = {isa = PBXBuildFile; fileRef = AF2F3AFC1DDE38A000FD60D8 /* LaunchScreen.storyboard */; };
		AF2F3B061DDE603900FD60D8 /* AudioVC.swift in Sources */ = {isa = PBXBuildFile; fileRef = AF2F3B051DDE603900FD60D8 /* AudioVC.swift */; };
/* End PBXBuildFile section */

/* Begin PBXFileReference section */
		2E61CB652E257EB71FB7F5C7 /* Pods-SpotyTest.release.xcconfig */ = {isa = PBXFileReference; includeInIndex = 1; lastKnownFileType = text.xcconfig; name = "Pods-SpotyTest.release.xcconfig"; path = "Pods/Target Support Files/Pods-SpotyTest/Pods-SpotyTest.release.xcconfig"; sourceTree = "<group>"; };
		308EBFFB2AB5098352A698A1 /* Pods_SpotyTest.framework */ = {isa = PBXFileReference; explicitFileType = wrapper.framework; includeInIndex = 0; path = Pods_SpotyTest.framework; sourceTree = BUILT_PRODUCTS_DIR; };
		AF2F3AF01DDE38A000FD60D8 /* SpotyTest.app */ = {isa = PBXFileReference; explicitFileType = wrapper.application; includeInIndex = 0; path = SpotyTest.app; sourceTree = BUILT_PRODUCTS_DIR; };
		AF2F3AF31DDE38A000FD60D8 /* AppDelegate.swift */ = {isa = PBXFileReference; lastKnownFileType = sourcecode.swift; path = AppDelegate.swift; sourceTree = "<group>"; };
		AF2F3AF51DDE38A000FD60D8 /* ViewController.swift */ = {isa = PBXFileReference; lastKnownFileType = sourcecode.swift; path = ViewController.swift; sourceTree = "<group>"; };
		AF2F3AF81DDE38A000FD60D8 /* Base */ = {isa = PBXFileReference; lastKnownFileType = file.storyboard; name = Base; path = Base.lproj/Main.storyboard; sourceTree = "<group>"; };
		AF2F3AFA1DDE38A000FD60D8 /* Assets.xcassets */ = {isa = PBXFileReference; lastKnownFileType = folder.assetcatalog; path = Assets.xcassets; sourceTree = "<group>"; };
		AF2F3AFD1DDE38A000FD60D8 /* Base */ = {isa = PBXFileReference; lastKnownFileType = file.storyboard; name = Base; path = Base.lproj/LaunchScreen.storyboard; sourceTree = "<group>"; };
		AF2F3AFF1DDE38A000FD60D8 /* Info.plist */ = {isa = PBXFileReference; lastKnownFileType = text.plist.xml; path = Info.plist; sourceTree = "<group>"; };
		AF2F3B051DDE603900FD60D8 /* AudioVC.swift */ = {isa = PBXFileReference; fileEncoding = 4; lastKnownFileType = sourcecode.swift; path = AudioVC.swift; sourceTree = "<group>"; };
		CF3AC7A662EFA949362BA9AB /* Pods-SpotyTest.debug.xcconfig */ = {isa = PBXFileReference; includeInIndex = 1; lastKnownFileType = text.xcconfig; name = "Pods-SpotyTest.debug.xcconfig"; path = "Pods/Target Support Files/Pods-SpotyTest/Pods-SpotyTest.debug.xcconfig"; sourceTree = "<group>"; };
/* End PBXFileReference section */

/* Begin PBXFrameworksBuildPhase section */
		AF2F3AED1DDE38A000FD60D8 /* Frameworks */ = {
			isa = PBXFrameworksBuildPhase;
			buildActionMask = 2147483647;
			files = (
				A2D7DCCFDFF388EEC50FD427 /* Pods_SpotyTest.framework in Frameworks */,
			);
			runOnlyForDeploymentPostprocessing = 0;
		};
/* End PBXFrameworksBuildPhase section */

/* Begin PBXGroup section */
		98F9737C92C8B3CEC2AAB893 /* Pods */ = {
			isa = PBXGroup;
			children = (
				CF3AC7A662EFA949362BA9AB /* Pods-SpotyTest.debug.xcconfig */,
				2E61CB652E257EB71FB7F5C7 /* Pods-SpotyTest.release.xcconfig */,
			);
			name = Pods;
			sourceTree = "<group>";
		};
		AC6D44C7C99065924DA8D23A /* Frameworks */ = {
			isa = PBXGroup;
			children = (
				308EBFFB2AB5098352A698A1 /* Pods_SpotyTest.framework */,
			);
			name = Frameworks;
			sourceTree = "<group>";
		};
		AF2F3AE71DDE38A000FD60D8 = {
			isa = PBXGroup;
			children = (
				AF2F3AF21DDE38A000FD60D8 /* SpotyTest */,
				AF2F3AF11DDE38A000FD60D8 /* Products */,
				98F9737C92C8B3CEC2AAB893 /* Pods */,
				AC6D44C7C99065924DA8D23A /* Frameworks */,
			);
			sourceTree = "<group>";
		};
		AF2F3AF11DDE38A000FD60D8 /* Products */ = {
			isa = PBXGroup;
			children = (
				AF2F3AF01DDE38A000FD60D8 /* SpotyTest.app */,
			);
			name = Products;
			sourceTree = "<group>";
		};
		AF2F3AF21DDE38A000FD60D8 /* SpotyTest */ = {
			isa = PBXGroup;
			children = (
				AF2F3AF31DDE38A000FD60D8 /* AppDelegate.swift */,
				AF2F3AF51DDE38A000FD60D8 /* ViewController.swift */,
				AF2F3AF71DDE38A000FD60D8 /* Main.storyboard */,
				AF2F3B051DDE603900FD60D8 /* AudioVC.swift */,
				AF2F3AFA1DDE38A000FD60D8 /* Assets.xcassets */,
				AF2F3AFC1DDE38A000FD60D8 /* LaunchScreen.storyboard */,
				AF2F3AFF1DDE38A000FD60D8 /* Info.plist */,
			);
			path = SpotyTest;
			sourceTree = "<group>";
		};
/* End PBXGroup section */

/* Begin PBXNativeTarget section */
		AF2F3AEF1DDE38A000FD60D8 /* SpotyTest */ = {
			isa = PBXNativeTarget;
			buildConfigurationList = AF2F3B021DDE38A000FD60D8 /* Build configuration list for PBXNativeTarget "SpotyTest" */;
			buildPhases = (
				64BB5019E99CD3388244F248 /* [CP] Check Pods Manifest.lock */,
				AF2F3AEC1DDE38A000FD60D8 /* Sources */,
				AF2F3AED1DDE38A000FD60D8 /* Frameworks */,
				AF2F3AEE1DDE38A000FD60D8 /* Resources */,
				B95FFA146BFF978B91801443 /* [CP] Embed Pods Frameworks */,
				4CB51DCBA0C462A56C2DFB5B /* [CP] Copy Pods Resources */,
			);
			buildRules = (
			);
			dependencies = (
			);
			name = SpotyTest;
			productName = SpotyTest;
			productReference = AF2F3AF01DDE38A000FD60D8 /* SpotyTest.app */;
			productType = "com.apple.product-type.application";
		};
/* End PBXNativeTarget section */

/* Begin PBXProject section */
		AF2F3AE81DDE38A000FD60D8 /* Project object */ = {
			isa = PBXProject;
			attributes = {
				LastSwiftUpdateCheck = 0810;
				LastUpgradeCheck = 0810;
				ORGANIZATIONNAME = "David Zavala";
				TargetAttributes = {
					AF2F3AEF1DDE38A000FD60D8 = {
						CreatedOnToolsVersion = 8.1;
						DevelopmentTeam = XF67953943;
						ProvisioningStyle = Automatic;
					};
				};
			};
			buildConfigurationList = AF2F3AEB1DDE38A000FD60D8 /* Build configuration list for PBXProject "SpotyTest" */;
			compatibilityVersion = "Xcode 3.2";
			developmentRegion = English;
			hasScannedForEncodings = 0;
			knownRegions = (
				en,
				Base,
			);
			mainGroup = AF2F3AE71DDE38A000FD60D8;
			productRefGroup = AF2F3AF11DDE38A000FD60D8 /* Products */;
			projectDirPath = "";
			projectRoot = "";
			targets = (
				AF2F3AEF1DDE38A000FD60D8 /* SpotyTest */,
			);
		};
/* End PBXProject section */

/* Begin PBXResourcesBuildPhase section */
		AF2F3AEE1DDE38A000FD60D8 /* Resources */ = {
			isa = PBXResourcesBuildPhase;
			buildActionMask = 2147483647;
			files = (
				AF2F3AFE1DDE38A000FD60D8 /* LaunchScreen.storyboard in Resources */,
				AF2F3AFB1DDE38A000FD60D8 /* Assets.xcassets in Resources */,
				AF2F3AF91DDE38A000FD60D8 /* Main.storyboard in Resources */,
			);
			runOnlyForDeploymentPostprocessing = 0;
		};
/* End PBXResourcesBuildPhase section */

/* Begin PBXShellScriptBuildPhase section */
		4CB51DCBA0C462A56C2DFB5B /* [CP] Copy Pods Resources */ = {
			isa = PBXShellScriptBuildPhase;
			buildActionMask = 2147483647;
			files = (
			);
			inputPaths = (
			);
			name = "[CP] Copy Pods Resources";
			outputPaths = (
			);
			runOnlyForDeploymentPostprocessing = 0;
			shellPath = /bin/sh;
			shellScript = "\"${SRCROOT}/Pods/Target Support Files/Pods-SpotyTest/Pods-SpotyTest-resources.sh\"\n";
			showEnvVarsInLog = 0;
		};
		64BB5019E99CD3388244F248 /* [CP] Check Pods Manifest.lock */ = {
			isa = PBXShellScriptBuildPhase;
			buildActionMask = 2147483647;
			files = (
			);
			inputPaths = (
			);
			name = "[CP] Check Pods Manifest.lock";
			outputPaths = (
			);
			runOnlyForDeploymentPostprocessing = 0;
			shellPath = /bin/sh;
			shellScript = "diff \"${PODS_ROOT}/../Podfile.lock\" \"${PODS_ROOT}/Manifest.lock\" > /dev/null\nif [ $? != 0 ] ; then\n    # print error to STDERR\n    echo \"error: The sandbox is not in sync with the Podfile.lock. Run 'pod install' or update your CocoaPods installation.\" >&2\n    exit 1\nfi\n";
			showEnvVarsInLog = 0;
		};
		B95FFA146BFF978B91801443 /* [CP] Embed Pods Frameworks */ = {
			isa = PBXShellScriptBuildPhase;
			buildActionMask = 2147483647;
			files = (
			);
			inputPaths = (
			);
			name = "[CP] Embed Pods Frameworks";
			outputPaths = (
			);
			runOnlyForDeploymentPostprocessing = 0;
			shellPath = /bin/sh;
			shellScript = "\"${SRCROOT}/Pods/Target Support Files/Pods-SpotyTest/Pods-SpotyTest-frameworks.sh\"\n";
			showEnvVarsInLog = 0;
		};
/* End PBXShellScriptBuildPhase section */

/* Begin PBXSourcesBuildPhase section */
		AF2F3AEC1DDE38A000FD60D8 /* Sources */ = {
			isa = PBXSourcesBuildPhase;
			buildActionMask = 2147483647;
			files = (
				AF2F3AF61DDE38A000FD60D8 /* ViewController.swift in Sources */,
				AF2F3B061DDE603900FD60D8 /* AudioVC.swift in Sources */,
				AF2F3AF41DDE38A000FD60D8 /* AppDelegate.swift in Sources */,
			);
			runOnlyForDeploymentPostprocessing = 0;
		};
/* End PBXSourcesBuildPhase section */

/* Begin PBXVariantGroup section */
		AF2F3AF71DDE38A000FD60D8 /* Main.storyboard */ = {
			isa = PBXVariantGroup;
			children = (
				AF2F3AF81DDE38A000FD60D8 /* Base */,
			);
			name = Main.storyboard;
			sourceTree = "<group>";
		};
		AF2F3AFC1DDE38A000FD60D8 /* LaunchScreen.storyboard */ = {
			isa = PBXVariantGroup;
			children = (
				AF2F3AFD1DDE38A000FD60D8 /* Base */,
			);
			name = LaunchScreen.storyboard;
			sourceTree = "<group>";
		};
/* End PBXVariantGroup section */

/* Begin XCBuildConfiguration section */
		AF2F3B001DDE38A000FD60D8 /* Debug */ = {
			isa = XCBuildConfiguration;
			buildSettings = {
				ALWAYS_SEARCH_USER_PATHS = NO;
				CLANG_ANALYZER_NONNULL = YES;
				CLANG_CXX_LANGUAGE_STANDARD = "gnu++0x";
				CLANG_CXX_LIBRARY = "libc++";
				CLANG_ENABLE_MODULES = YES;
				CLANG_ENABLE_OBJC_ARC = YES;
				CLANG_WARN_BOOL_CONVERSION = YES;
				CLANG_WARN_CONSTANT_CONVERSION = YES;
				CLANG_WARN_DIRECT_OBJC_ISA_USAGE = YES_ERROR;
				CLANG_WARN_DOCUMENTATION_COMMENTS = YES;
				CLANG_WARN_EMPTY_BODY = YES;
				CLANG_WARN_ENUM_CONVERSION = YES;
				CLANG_WARN_INFINITE_RECURSION = YES;
				CLANG_WARN_INT_CONVERSION = YES;
				CLANG_WARN_OBJC_ROOT_CLASS = YES_ERROR;
				CLANG_WARN_SUSPICIOUS_MOVES = YES;
				CLANG_WARN_UNREACHABLE_CODE = YES;
				CLANG_WARN__DUPLICATE_METHOD_MATCH = YES;
				"CODE_SIGN_IDENTITY[sdk=iphoneos*]" = "iPhone Developer";
				COPY_PHASE_STRIP = NO;
				DEBUG_INFORMATION_FORMAT = dwarf;
				ENABLE_STRICT_OBJC_MSGSEND = YES;
				ENABLE_TESTABILITY = YES;
				GCC_C_LANGUAGE_STANDARD = gnu99;
				GCC_DYNAMIC_NO_PIC = NO;
				GCC_NO_COMMON_BLOCKS = YES;
				GCC_OPTIMIZATION_LEVEL = 0;
				GCC_PREPROCESSOR_DEFINITIONS = (
					"DEBUG=1",
					"$(inherited)",
				);
				GCC_WARN_64_TO_32_BIT_CONVERSION = YES;
				GCC_WARN_ABOUT_RETURN_TYPE = YES_ERROR;
				GCC_WARN_UNDECLARED_SELECTOR = YES;
				GCC_WARN_UNINITIALIZED_AUTOS = YES_AGGRESSIVE;
				GCC_WARN_UNUSED_FUNCTION = YES;
				GCC_WARN_UNUSED_VARIABLE = YES;
				IPHONEOS_DEPLOYMENT_TARGET = 10.1;
				MTL_ENABLE_DEBUG_INFO = YES;
				ONLY_ACTIVE_ARCH = YES;
				SDKROOT = iphoneos;
				SWIFT_ACTIVE_COMPILATION_CONDITIONS = DEBUG;
				SWIFT_OPTIMIZATION_LEVEL = "-Onone";
			};
			name = Debug;
		};
		AF2F3B011DDE38A000FD60D8 /* Release */ = {
			isa = XCBuildConfiguration;
			buildSettings = {
				ALWAYS_SEARCH_USER_PATHS = NO;
				CLANG_ANALYZER_NONNULL = YES;
				CLANG_CXX_LANGUAGE_STANDARD = "gnu++0x";
				CLANG_CXX_LIBRARY = "libc++";
				CLANG_ENABLE_MODULES = YES;
				CLANG_ENABLE_OBJC_ARC = YES;
				CLANG_WARN_BOOL_CONVERSION = YES;
				CLANG_WARN_CONSTANT_CONVERSION = YES;
				CLANG_WARN_DIRECT_OBJC_ISA_USAGE = YES_ERROR;
				CLANG_WARN_DOCUMENTATION_COMMENTS = YES;
				CLANG_WARN_EMPTY_BODY = YES;
				CLANG_WARN_ENUM_CONVERSION = YES;
				CLANG_WARN_INFINITE_RECURSION = YES;
				CLANG_WARN_INT_CONVERSION = YES;
				CLANG_WARN_OBJC_ROOT_CLASS = YES_ERROR;
				CLANG_WARN_SUSPICIOUS_MOVES = YES;
				CLANG_WARN_UNREACHABLE_CODE = YES;
				CLANG_WARN__DUPLICATE_METHOD_MATCH = YES;
				"CODE_SIGN_IDENTITY[sdk=iphoneos*]" = "iPhone Developer";
				COPY_PHASE_STRIP = NO;
				DEBUG_INFORMATION_FORMAT = "dwarf-with-dsym";
				ENABLE_NS_ASSERTIONS = NO;
				ENABLE_STRICT_OBJC_MSGSEND = YES;
				GCC_C_LANGUAGE_STANDARD = gnu99;
				GCC_NO_COMMON_BLOCKS = YES;
				GCC_WARN_64_TO_32_BIT_CONVERSION = YES;
				GCC_WARN_ABOUT_RETURN_TYPE = YES_ERROR;
				GCC_WARN_UNDECLARED_SELECTOR = YES;
				GCC_WARN_UNINITIALIZED_AUTOS = YES_AGGRESSIVE;
				GCC_WARN_UNUSED_FUNCTION = YES;
				GCC_WARN_UNUSED_VARIABLE = YES;
				IPHONEOS_DEPLOYMENT_TARGET = 10.1;
				MTL_ENABLE_DEBUG_INFO = NO;
				SDKROOT = iphoneos;
				SWIFT_OPTIMIZATION_LEVEL = "-Owholemodule";
				VALIDATE_PRODUCT = YES;
			};
			name = Release;
		};
		AF2F3B031DDE38A000FD60D8 /* Debug */ = {
			isa = XCBuildConfiguration;
			baseConfigurationReference = CF3AC7A662EFA949362BA9AB /* Pods-SpotyTest.debug.xcconfig */;
			buildSettings = {
				ASSETCATALOG_COMPILER_APPICON_NAME = AppIcon;
				DEVELOPMENT_TEAM = XF67953943;
				INFOPLIST_FILE = SpotyTest/Info.plist;
				LD_RUNPATH_SEARCH_PATHS = "$(inherited) @executable_path/Frameworks";
				PRODUCT_BUNDLE_IDENTIFIER = DavidZavala.SpotyTest;
				PRODUCT_NAME = "$(TARGET_NAME)";
				SWIFT_VERSION = 3.0;
			};
			name = Debug;
		};
		AF2F3B041DDE38A000FD60D8 /* Release */ = {
			isa = XCBuildConfiguration;
			baseConfigurationReference = 2E61CB652E257EB71FB7F5C7 /* Pods-SpotyTest.release.xcconfig */;
			buildSettings = {
				ASSETCATALOG_COMPILER_APPICON_NAME = AppIcon;
				DEVELOPMENT_TEAM = XF67953943;
				INFOPLIST_FILE = SpotyTest/Info.plist;
				LD_RUNPATH_SEARCH_PATHS = "$(inherited) @executable_path/Frameworks";
				PRODUCT_BUNDLE_IDENTIFIER = DavidZavala.SpotyTest;
				PRODUCT_NAME = "$(TARGET_NAME)";
				SWIFT_VERSION = 3.0;
			};
			name = Release;
		};
/* End XCBuildConfiguration section */

/* Begin XCConfigurationList section */
		AF2F3AEB1DDE38A000FD60D8 /* Build configuration list for PBXProject "SpotyTest" */ = {
			isa = XCConfigurationList;
			buildConfigurations = (
				AF2F3B001DDE38A000FD60D8 /* Debug */,
				AF2F3B011DDE38A000FD60D8 /* Release */,
			);
			defaultConfigurationIsVisible = 0;
			defaultConfigurationName = Release;
		};
		AF2F3B021DDE38A000FD60D8 /* Build configuration list for PBXNativeTarget "SpotyTest" */ = {
			isa = XCConfigurationList;
			buildConfigurations = (
				AF2F3B031DDE38A000FD60D8 /* Debug */,
				AF2F3B041DDE38A000FD60D8 /* Release */,
			);
			defaultConfigurationIsVisible = 0;
			defaultConfigurationName = Release;
		};
/* End XCConfigurationList section */
	};
	rootObject = AF2F3AE81DDE38A000FD60D8 /* Project object */;
}
